dependencies:
- name: postgresql
  repository: https://charts.bitnami.com/bitnami
  version: 12.12.10
- name: redis
  repository: https://charts.bitnami.com/bitnami
  version: 16.13.2
digest: sha256:1d303a1f58decb942cf8fe5c46b99af0e9dd4a735c90de582f97f11140db74e8
generated: "2023-09-27T12:21:55.900325297Z"
