dependencies:
- name: postgresql
  repository: https://charts.bitnami.com/bitnami
  version: 10.16.2
- name: redis
  repository: https://charts.bitnami.com/bitnami
  version: 16.7.0
digest: sha256:cba8cc66b5f8104acff5e4aa7df8230912e87b0bc2779efb11b023de7015146b
generated: "2022-03-28T17:14:46.342707976Z"
