dependencies:
- name: smartbirds-server
  repository: https://bspborg.github.io/charts/
  version: 0.1.16
- name: smartbirds-web
  repository: https://bspborg.github.io/charts/
  version: 0.1.0
digest: sha256:f6b33723e7ca98947795e0dcee1649ce7f879678e71bf375808342624600b82e
generated: "2022-05-11T03:08:11.144989484Z"
