dependencies:
- name: smartbirds-server
  repository: https://bspborg.github.io/charts/
  version: 0.1.6
- name: smartbirds-web
  repository: https://bspborg.github.io/charts/
  version: 0.1.0
digest: sha256:39b9aa62f37459e4c63c0fc37c7ee080437a41347dd60fc9837cefdf7e46ca80
generated: "2022-02-01T15:13:58.267999109Z"
