dependencies:
- name: smartbirds-server
  repository: https://bspborg.github.io/charts/
  version: 0.1.27
- name: smartbirds-web
  repository: https://bspborg.github.io/charts/
  version: 0.1.0
digest: sha256:253b791ee007989569ae99e1ea6cddc3dbd024e1e9bda8bf048dc339480ec53d
generated: "2022-07-04T22:19:07.384660992Z"
